
Microsoft Visual Studio Solution File, Format Version 12.00
# Visual Studio Version 17
VisualStudioVersion = 17.12.35514.174 d17.12
MinimumVisualStudioVersion = 10.0.40219.1
Project("{FAE04EC0-301F-11D3-BF4B-00C04F79EFBC}") = "WPF ZooManager", "WPF ZooManager\WPF ZooManager.csproj", "{BCE43636-8727-41C7-A5F6-6A342EF321EA}"
EndProject
Global
	GlobalSection(SolutionConfigurationPlatforms) = preSolution
		Debug|Any CPU = Debug|Any CPU
		Release|Any CPU = Release|Any CPU
	EndGlobalSection
	GlobalSection(ProjectConfigurationPlatforms) = postSolution
		{BCE43636-8727-41C7-A5F6-6A342EF321EA}.Debug|Any CPU.ActiveCfg = Debug|Any CPU
		{BCE43636-8727-41C7-A5F6-6A342EF321EA}.Debug|Any CPU.Build.0 = Debug|Any CPU
		{BCE43636-8727-41C7-A5F6-6A342EF321EA}.Release|Any CPU.ActiveCfg = Release|Any CPU
		{BCE43636-8727-41C7-A5F6-6A342EF321EA}.Release|Any CPU.Build.0 = Release|Any CPU
	EndGlobalSection
	GlobalSection(SolutionProperties) = preSolution
		HideSolutionNode = FALSE
	EndGlobalSection
EndGlobal
